
Microsoft Visual Studio Solution File, Format Version 12.00
# Visual Studio Express 2012 for Windows Desktop
Project("{FAE04EC0-301F-11D3-BF4B-00C04F79EFBC}") = "ProjectX", "projectX\ProjectX.csproj", "{8718B7BA-177E-4364-B90B-E29F10943BFC}"
	ProjectSection(ProjectDependencies) = postProject
		{8AEFEE3A-28D8-4A81-A48E-BD3A812523F8} = {8AEFEE3A-28D8-4A81-A48E-BD3A812523F8}
		{508E3B4E-E181-4202-B26D-CF24FCAB555F} = {508E3B4E-E181-4202-B26D-CF24FCAB555F}
	EndProjectSection
EndProject
Project("{FAE04EC0-301F-11D3-BF4B-00C04F79EFBC}") = "OpenGL", "Test OpenGL 1\Test OpenGL 1\OpenGL.csproj", "{8AEFEE3A-28D8-4A81-A48E-BD3A812523F8}"
EndProject
Project("{FAE04EC0-301F-11D3-BF4B-00C04F79EFBC}") = "Validate", "MonthValidate\MonthValidate\Validate.csproj", "{508E3B4E-E181-4202-B26D-CF24FCAB555F}"
EndProject
Global
	GlobalSection(SolutionConfigurationPlatforms) = preSolution
		Debug|Any CPU = Debug|Any CPU
		Release|Any CPU = Release|Any CPU
	EndGlobalSection
	GlobalSection(ProjectConfigurationPlatforms) = postSolution
		{8718B7BA-177E-4364-B90B-E29F10943BFC}.Debug|Any CPU.ActiveCfg = Debug|Any CPU
		{8718B7BA-177E-4364-B90B-E29F10943BFC}.Debug|Any CPU.Build.0 = Debug|Any CPU
		{8718B7BA-177E-4364-B90B-E29F10943BFC}.Release|Any CPU.ActiveCfg = Release|Any CPU
		{8718B7BA-177E-4364-B90B-E29F10943BFC}.Release|Any CPU.Build.0 = Release|Any CPU
		{8AEFEE3A-28D8-4A81-A48E-BD3A812523F8}.Debug|Any CPU.ActiveCfg = Debug|Any CPU
		{8AEFEE3A-28D8-4A81-A48E-BD3A812523F8}.Debug|Any CPU.Build.0 = Debug|Any CPU
		{8AEFEE3A-28D8-4A81-A48E-BD3A812523F8}.Release|Any CPU.ActiveCfg = Release|Any CPU
		{8AEFEE3A-28D8-4A81-A48E-BD3A812523F8}.Release|Any CPU.Build.0 = Release|Any CPU
		{508E3B4E-E181-4202-B26D-CF24FCAB555F}.Debug|Any CPU.ActiveCfg = Debug|Any CPU
		{508E3B4E-E181-4202-B26D-CF24FCAB555F}.Debug|Any CPU.Build.0 = Debug|Any CPU
		{508E3B4E-E181-4202-B26D-CF24FCAB555F}.Release|Any CPU.ActiveCfg = Release|Any CPU
		{508E3B4E-E181-4202-B26D-CF24FCAB555F}.Release|Any CPU.Build.0 = Release|Any CPU
	EndGlobalSection
	GlobalSection(SolutionProperties) = preSolution
		HideSolutionNode = FALSE
	EndGlobalSection
EndGlobal
