
Microsoft Visual Studio Solution File, Format Version 12.00
# Visual Studio 2012
Project("{FAE04EC0-301F-11D3-BF4B-00C04F79EFBC}") = "Validate", "MonthValidate\Validate.csproj", "{508E3B4E-E181-4202-B26D-CF24FCAB555F}"
EndProject
Global
	GlobalSection(SolutionConfigurationPlatforms) = preSolution
		Debug|Any CPU = Debug|Any CPU
		Release|Any CPU = Release|Any CPU
	EndGlobalSection
	GlobalSection(ProjectConfigurationPlatforms) = postSolution
		{508E3B4E-E181-4202-B26D-CF24FCAB555F}.Debug|Any CPU.ActiveCfg = Debug|Any CPU
		{508E3B4E-E181-4202-B26D-CF24FCAB555F}.Debug|Any CPU.Build.0 = Debug|Any CPU
		{508E3B4E-E181-4202-B26D-CF24FCAB555F}.Release|Any CPU.ActiveCfg = Release|Any CPU
		{508E3B4E-E181-4202-B26D-CF24FCAB555F}.Release|Any CPU.Build.0 = Release|Any CPU
	EndGlobalSection
	GlobalSection(SolutionProperties) = preSolution
		HideSolutionNode = FALSE
	EndGlobalSection
EndGlobal
